
Microsoft Visual Studio Solution File, Format Version 12.00
# Visual Studio Version 17
VisualStudioVersion = 17.6.33829.357
MinimumVisualStudioVersion = 10.0.40219.1
Project("{8BC9CEB8-8B4A-11D0-8D11-00A0C91BC942}") = "homework", "homework\homework.vcxproj", "{89E306D2-DF88-40E7-90C8-A9A8BADD7FCF}"
EndProject
Global
	GlobalSection(SolutionConfigurationPlatforms) = preSolution
		Debug|x64 = Debug|x64
		Debug|x86 = Debug|x86
		Release|x64 = Release|x64
		Release|x86 = Release|x86
	EndGlobalSection
	GlobalSection(ProjectConfigurationPlatforms) = postSolution
		{89E306D2-DF88-40E7-90C8-A9A8BADD7FCF}.Debug|x64.ActiveCfg = Debug|x64
		{89E306D2-DF88-40E7-90C8-A9A8BADD7FCF}.Debug|x64.Build.0 = Debug|x64
		{89E306D2-DF88-40E7-90C8-A9A8BADD7FCF}.Debug|x86.ActiveCfg = Debug|Win32
		{89E306D2-DF88-40E7-90C8-A9A8BADD7FCF}.Debug|x86.Build.0 = Debug|Win32
		{89E306D2-DF88-40E7-90C8-A9A8BADD7FCF}.Release|x64.ActiveCfg = Release|x64
		{89E306D2-DF88-40E7-90C8-A9A8BADD7FCF}.Release|x64.Build.0 = Release|x64
		{89E306D2-DF88-40E7-90C8-A9A8BADD7FCF}.Release|x86.ActiveCfg = Release|Win32
		{89E306D2-DF88-40E7-90C8-A9A8BADD7FCF}.Release|x86.Build.0 = Release|Win32
	EndGlobalSection
	GlobalSection(SolutionProperties) = preSolution
		HideSolutionNode = FALSE
	EndGlobalSection
	GlobalSection(ExtensibilityGlobals) = postSolution
		SolutionGuid = {184D43EE-B6C2-4D95-84AE-A0B4D36506FF}
	EndGlobalSection
EndGlobal
